Microsoft Visual Studio Solution File, Format Version 12.00
# Visual Studio Version 17
VisualStudioVersion = 17.5.2.0
MinimumVisualStudioVersion = 10.0.40219.1
Project("{FAE04EC0-301F-11D3-BF4B-00C04F79EFBC}") = "TradeDataHub", "TradeDataHub\TradeDataHub.csproj", "{F5508499-08B5-335B-119E-3C6AAB165A73}"
EndProject
Global
	GlobalSection(SolutionConfigurationPlatforms) = preSolution
		Debug|Any CPU = Debug|Any CPU
		Release|Any CPU = Release|Any CPU
	EndGlobalSection
	GlobalSection(ProjectConfigurationPlatforms) = postSolution
		{F5508499-08B5-335B-119E-3C6AAB165A73}.Debug|Any CPU.ActiveCfg = Debug|Any CPU
		{F5508499-08B5-335B-119E-3C6AAB165A73}.Debug|Any CPU.Build.0 = Debug|Any CPU
		{F5508499-08B5-335B-119E-3C6AAB165A73}.Release|Any CPU.ActiveCfg = Release|Any CPU
		{F5508499-08B5-335B-119E-3C6AAB165A73}.Release|Any CPU.Build.0 = Release|Any CPU
	EndGlobalSection
	GlobalSection(SolutionProperties) = preSolution
		HideSolutionNode = FALSE
	EndGlobalSection
	GlobalSection(ExtensibilityGlobals) = postSolution
		SolutionGuid = {63372D70-E6A9-4C5B-BB4F-FB721ED9BE12}
	EndGlobalSection
EndGlobal
